
Microsoft Visual Studio Solution File, Format Version 12.00
Project("{FAE04EC0-301F-11D3-BF4B-00C04F79EFBC}") = "AUTranslator", "AUTranslator\AUTranslator.csproj", "{F577F4A6-BB34-49B4-A5E5-28F6967BA9F6}"
EndProject
Global
	GlobalSection(SolutionConfigurationPlatforms) = preSolution
		Debug|Any CPU = Debug|Any CPU
		Release|Any CPU = Release|Any CPU
	EndGlobalSection
	GlobalSection(ProjectConfigurationPlatforms) = postSolution
		{F577F4A6-BB34-49B4-A5E5-28F6967BA9F6}.Debug|Any CPU.ActiveCfg = Debug|Any CPU
		{F577F4A6-BB34-49B4-A5E5-28F6967BA9F6}.Debug|Any CPU.Build.0 = Debug|Any CPU
		{F577F4A6-BB34-49B4-A5E5-28F6967BA9F6}.Release|Any CPU.ActiveCfg = Release|Any CPU
		{F577F4A6-BB34-49B4-A5E5-28F6967BA9F6}.Release|Any CPU.Build.0 = Release|Any CPU
	EndGlobalSection
EndGlobal
